
Microsoft Visual Studio Solution File, Format Version 12.00
Project("{FAE04EC0-301F-11D3-BF4B-00C04F79EFBC}") = "APIDemo", "APIDemo\APIDemo.csproj", "{751BA2BF-2BC8-4B8B-BD01-746872319322}"
EndProject
Global
	GlobalSection(SolutionConfigurationPlatforms) = preSolution
		Debug|Any CPU = Debug|Any CPU
		Release|Any CPU = Release|Any CPU
	EndGlobalSection
	GlobalSection(ProjectConfigurationPlatforms) = postSolution
		{751BA2BF-2BC8-4B8B-BD01-746872319322}.Debug|Any CPU.ActiveCfg = Debug|Any CPU
		{751BA2BF-2BC8-4B8B-BD01-746872319322}.Debug|Any CPU.Build.0 = Debug|Any CPU
		{751BA2BF-2BC8-4B8B-BD01-746872319322}.Release|Any CPU.ActiveCfg = Release|Any CPU
		{751BA2BF-2BC8-4B8B-BD01-746872319322}.Release|Any CPU.Build.0 = Release|Any CPU
	EndGlobalSection
EndGlobal
